{
  "version": 4,
  "terraform_version": "1.10.5",
  "serial": 17,
  "lineage": "387e23dd-ef91-e585-1e54-93f81bd5ed12",
  "outputs": {},
  "resources": [
    {
      "mode": "managed",
      "type": "helm_release",
      "name": "coredns",
      "provider": "provider[\"registry.terraform.io/hashicorp/helm\"]",
      "instances": [
        {
          "schema_version": 1,
          "attributes": {
            "atomic": false,
            "chart": "coredns",
            "cleanup_on_fail": false,
            "create_namespace": false,
            "dependency_update": false,
            "description": null,
            "devel": null,
            "disable_crd_hooks": false,
            "disable_openapi_validation": false,
            "disable_webhooks": false,
            "force_update": false,
            "id": "coredns",
            "keyring": null,
            "lint": false,
            "manifest": null,
            "max_history": 0,
            "metadata": [
              {
                "app_version": "1.11.1",
                "chart": "coredns",
                "name": "coredns",
                "namespace": "dns",
                "revision": 1,
                "values": "{\"servers\":[{\"plugins\":[{\"name\":\"errors\"},{\"configBlock\":\"lameduck 5s\",\"name\":\"health\"},{\"name\":\"ready\"},{\"configBlock\":\"192.168.197.150 grafana.homelab.local prometheus.homelab.local\\nfallthrough\",\"name\":\"hosts\"},{\"name\":\"forward\",\"parameters\":\". 8.8.8.8 8.8.4.4\"},{\"name\":\"cache\",\"parameters\":30},{\"name\":\"loop\"},{\"name\":\"reload\"},{\"name\":\"loadbalance\"}],\"port\":53,\"zones\":[{\"zone\":\".\"}]}],\"service\":{\"nodePort\":32053,\"type\":\"NodePort\"}}",
                "version": "1.28.0"
              }
            ],
            "name": "coredns",
            "namespace": "dns",
            "pass_credentials": false,
            "postrender": [],
            "recreate_pods": false,
            "render_subchart_notes": true,
            "replace": false,
            "repository": "https://coredns.github.io/helm",
            "repository_ca_file": null,
            "repository_cert_file": null,
            "repository_key_file": null,
            "repository_password": null,
            "repository_username": null,
            "reset_values": false,
            "reuse_values": false,
            "set": [],
            "set_list": [],
            "set_sensitive": [],
            "skip_crds": false,
            "status": "deployed",
            "timeout": 300,
            "values": [
              "service:\n  type: NodePort\n  nodePort: 32053\nservers:\n- zones:\n  - zone: .\n  port: 53\n  plugins:\n  - name: errors\n  - name: health\n    configBlock: |-\n      lameduck 5s\n  - name: ready\n  - name: hosts\n    configBlock: |-\n      192.168.197.150 grafana.homelab.local prometheus.homelab.local\n      fallthrough\n  - name: forward\n    parameters: . 8.8.8.8 8.8.4.4\n  - name: cache\n    parameters: 30\n  - name: loop\n  - name: reload\n  - name: loadbalance\n"
            ],
            "verify": false,
            "version": "1.28.0",
            "wait": true,
            "wait_for_jobs": false
          },
          "sensitive_attributes": [
            [
              {
                "type": "get_attr",
                "value": "repository_password"
              }
            ]
          ],
          "private": "eyJzY2hlbWFfdmVyc2lvbiI6IjEifQ==",
          "dependencies": [
            "kubernetes_namespace.dns"
          ]
        }
      ]
    },
    {
      "mode": "managed",
      "type": "kubernetes_config_map",
      "name": "coredns_custom",
      "provider": "provider[\"registry.terraform.io/hashicorp/kubernetes\"]",
      "instances": [
        {
          "schema_version": 0,
          "attributes": {
            "binary_data": null,
            "data": {
              "Corefile": ".:53 {\n  errors\n  health\n  ready\n  hosts {\n    192.168.197.150 grafana.homelab.local prometheus.homelab.local\n    fallthrough\n  }\n  forward . 8.8.8.8 8.8.4.4\n  cache 30\n  loop\n  reload\n  loadbalance\n}\n"
            },
            "id": "dns/coredns-custom",
            "immutable": false,
            "metadata": [
              {
                "annotations": null,
                "generate_name": "",
                "generation": 0,
                "labels": null,
                "name": "coredns-custom",
                "namespace": "dns",
                "resource_version": "114657",
                "uid": "0f57d33a-2626-485d-9432-9527a9eb6078"
              }
            ]
          },
          "sensitive_attributes": [],
          "private": "bnVsbA==",
          "dependencies": [
            "kubernetes_namespace.dns"
          ]
        }
      ]
    },
    {
      "mode": "managed",
      "type": "kubernetes_namespace",
      "name": "dns",
      "provider": "provider[\"registry.terraform.io/hashicorp/kubernetes\"]",
      "instances": [
        {
          "schema_version": 0,
          "attributes": {
            "id": "dns",
            "metadata": [
              {
                "annotations": null,
                "generate_name": "",
                "generation": 0,
                "labels": {
                  "app": "coredns-external"
                },
                "name": "dns",
                "resource_version": "114654",
                "uid": "0fd60068-512f-4a13-a93c-9bc89b6a3927"
              }
            ],
            "timeouts": null,
            "wait_for_default_service_account": false
          },
          "sensitive_attributes": [],
          "private": "eyJlMmJmYjczMC1lY2FhLTExZTYtOGY4OC0zNDM2M2JjN2M0YzAiOnsiZGVsZXRlIjozMDAwMDAwMDAwMDB9fQ=="
        }
      ]
    }
  ],
  "check_results": null
}
