{
  "version": 4,
  "terraform_version": "1.10.5",
  "serial": 20,
  "lineage": "79a28d48-67f4-7646-6e71-471cad0ea4fd",
  "outputs": {},
  "resources": [
    {
      "mode": "managed",
      "type": "helm_release",
      "name": "kube_prometheus_stack",
      "provider": "provider[\"registry.terraform.io/hashicorp/helm\"]",
      "instances": [
        {
          "status": "tainted",
          "schema_version": 1,
          "attributes": {
            "atomic": false,
            "chart": "kube-prometheus-stack",
            "cleanup_on_fail": false,
            "create_namespace": false,
            "dependency_update": false,
            "description": null,
            "devel": null,
            "disable_crd_hooks": false,
            "disable_openapi_validation": false,
            "disable_webhooks": false,
            "force_update": false,
            "id": "kube-prometheus-stack",
            "keyring": null,
            "lint": false,
            "manifest": null,
            "max_history": 0,
            "metadata": [
              {
                "app_version": "v0.70.0",
                "chart": "kube-prometheus-stack",
                "name": "kube-prometheus-stack",
                "namespace": "monitoring",
                "revision": 1,
                "values": "{\"grafana\":{\"adminPassword\":\"change-me-in-prod\",\"enabled\":true,\"persistence\":{\"enabled\":true,\"size\":\"10Gi\",\"storageClassName\":\"local-hostpath\"}},\"prometheus\":{\"prometheusSpec\":{\"storageSpec\":{\"volumeClaimTemplate\":{\"spec\":{\"accessModes\":[\"ReadWriteOnce\"],\"resources\":{\"requests\":{\"storage\":\"50Gi\"}},\"storageClassName\":\"local-hostpath\"}}}}}}",
                "version": "55.5.0"
              }
            ],
            "name": "kube-prometheus-stack",
            "namespace": "monitoring",
            "pass_credentials": false,
            "postrender": [],
            "recreate_pods": false,
            "render_subchart_notes": true,
            "replace": false,
            "repository": "https://prometheus-community.github.io/helm-charts",
            "repository_ca_file": null,
            "repository_cert_file": null,
            "repository_key_file": null,
            "repository_password": null,
            "repository_username": null,
            "reset_values": false,
            "reuse_values": false,
            "set": [
              {
                "name": "grafana.adminPassword",
                "type": "",
                "value": "change-me-in-prod"
              },
              {
                "name": "grafana.enabled",
                "type": "",
                "value": "true"
              }
            ],
            "set_list": [],
            "set_sensitive": [],
            "skip_crds": false,
            "status": "failed",
            "timeout": 300,
            "values": [
              "prometheus:\n  prometheusSpec:\n    storageSpec:\n      volumeClaimTemplate:\n        spec:\n          storageClassName: local-hostpath\n          accessModes: [\"ReadWriteOnce\"]\n          resources:\n            requests:\n              storage: 50Gi\ngrafana:\n  persistence:\n    enabled: true\n    storageClassName: local-hostpath\n    size: 10Gi\n"
            ],
            "verify": false,
            "version": "55.5.0",
            "wait": true,
            "wait_for_jobs": false
          },
          "sensitive_attributes": [
            [
              {
                "type": "get_attr",
                "value": "repository_password"
              }
            ]
          ],
          "private": "eyJzY2hlbWFfdmVyc2lvbiI6IjEifQ==",
          "dependencies": [
            "kubernetes_namespace.monitoring"
          ]
        }
      ]
    },
    {
      "mode": "managed",
      "type": "kubernetes_namespace",
      "name": "monitoring",
      "provider": "provider[\"registry.terraform.io/hashicorp/kubernetes\"]",
      "instances": [
        {
          "schema_version": 0,
          "attributes": {
            "id": "monitoring",
            "metadata": [
              {
                "annotations": null,
                "generate_name": "",
                "generation": 0,
                "labels": null,
                "name": "monitoring",
                "resource_version": "111820",
                "uid": "11784a08-fdd6-47e0-aa1a-c004033a320f"
              }
            ],
            "timeouts": null,
            "wait_for_default_service_account": false
          },
          "sensitive_attributes": [],
          "private": "eyJlMmJmYjczMC1lY2FhLTExZTYtOGY4OC0zNDM2M2JjN2M0YzAiOnsiZGVsZXRlIjozMDAwMDAwMDAwMDB9fQ=="
        }
      ]
    }
  ],
  "check_results": null
}
