{
  "version": 4,
  "terraform_version": "1.10.5",
  "serial": 23,
  "lineage": "28fe2d35-2f30-83ef-57db-59bfb669f17c",
  "outputs": {},
  "resources": [
    {
      "mode": "managed",
      "type": "kubernetes_storage_class",
      "name": "local_hostpath",
      "provider": "provider[\"registry.terraform.io/hashicorp/kubernetes\"]",
      "instances": [
        {
          "schema_version": 0,
          "attributes": {
            "allow_volume_expansion": true,
            "allowed_topologies": [],
            "id": "local-hostpath",
            "metadata": [
              {
                "annotations": {
                  "storageclass.kubernetes.io/is-default-class": "true"
                },
                "generate_name": "",
                "generation": 0,
                "labels": null,
                "name": "local-hostpath",
                "resource_version": "113635",
                "uid": "df299404-2bad-4725-8cec-cf1916b61e6b"
              }
            ],
            "mount_options": null,
            "parameters": null,
            "reclaim_policy": "Delete",
            "storage_provisioner": "openebs.io/local",
            "volume_binding_mode": "WaitForFirstConsumer"
          },
          "sensitive_attributes": [],
          "private": "bnVsbA=="
        }
      ]
    }
  ],
  "check_results": null
}
